jobs:
  lock:
    runs-on: self-hosted
    steps:
    - continue-on-error: true
      uses: dessant/lock-threads@v4
      with:
        github-token: ${{ github.token }}
        issue-inactive-days: '180'
        pr-inactive-days: '180'
name: Lock threads
on:
  repository_dispatch:
    types: trigger-ga___lock.yml
